
Microsoft Visual Studio Solution File, Format Version 12.00
# Visual Studio Version 17
VisualStudioVersion = 17.9.34607.119
MinimumVisualStudioVersion = 10.0.40219.1
Project("{FAE04EC0-301F-11D3-BF4B-00C04F79EFBC}") = "medicine", "medicine\medicine.csproj", "{EC5CA16A-3ED7-4C37-B499-1623517457EF}"
EndProject
Global
	GlobalSection(SolutionConfigurationPlatforms) = preSolution
		Debug|Any CPU = Debug|Any CPU
		Release|Any CPU = Release|Any CPU
	EndGlobalSection
	GlobalSection(ProjectConfigurationPlatforms) = postSolution
		{EC5CA16A-3ED7-4C37-B499-1623517457EF}.Debug|Any CPU.ActiveCfg = Debug|Any CPU
		{EC5CA16A-3ED7-4C37-B499-1623517457EF}.Debug|Any CPU.Build.0 = Debug|Any CPU
		{EC5CA16A-3ED7-4C37-B499-1623517457EF}.Release|Any CPU.ActiveCfg = Release|Any CPU
		{EC5CA16A-3ED7-4C37-B499-1623517457EF}.Release|Any CPU.Build.0 = Release|Any CPU
	EndGlobalSection
	GlobalSection(SolutionProperties) = preSolution
		HideSolutionNode = FALSE
	EndGlobalSection
	GlobalSection(ExtensibilityGlobals) = postSolution
		SolutionGuid = {6683012D-126E-41A9-AA64-8FAE2D0A2AE0}
	EndGlobalSection
EndGlobal
